{
  "object": {
    "pins": [
      {
        "package": "Cheers",
        "repositoryURL": "https://github.com/onmyway133/Cheers",
        "state": {
          "branch": null,
          "revision": "fc7f0c14ebbd3a166e63bb46e8867ddef73e0c30",
          "version": null
        }
      },
      {
        "package": "Regex",
        "repositoryURL": "https://github.com/crossroadlabs/Regex",
        "state": {
          "branch": null,
          "revision": "166728756082a9cac6e4aed3ebbce8e41cb3a945",
          "version": "1.2.0"
        }
      },
      {
        "package": "SwiftyStoreKit",
        "repositoryURL": "https://github.com/bizz84/SwiftyStoreKit",
        "state": {
          "branch": null,
          "revision": "9974acf07b31b6f5bf363d5118dc1bd4fcac6122",
          "version": "0.16.1"
        }
      }
    ]
  },
  "version": 1
}
